
Microsoft Visual Studio Solution File, Format Version 12.00
# Visual Studio Version 17
VisualStudioVersion = 17.7.34018.315
MinimumVisualStudioVersion = 10.0.40219.1
Project("{9A19103F-16F7-4668-BE54-9A1E7A4F7556}") = "CLIClassLibrary", "DotNet\CLIClassLibrary\CLIClassLibrary.csproj", "{565D4F47-437F-4924-A2FE-306E1ED2D43C}"
EndProject
Project("{9A19103F-16F7-4668-BE54-9A1E7A4F7556}") = "EAPICLI", "DotNet\EAPICLI\EAPICLI.csproj", "{0D007364-3A66-4DD2-9263-1183843E00B4}"
EndProject
Project("{2150E333-8FDC-42A3-9474-1A3956D46DE8}") = "Solution Items", "Solution Items", "{9E5E3602-3346-4C7D-80E7-A5DEB6FF63B7}"
	ProjectSection(SolutionItems) = preProject
		aicapture.json = aicapture.json
		cli.js = cli.js
		SSoT\CLIOptions.csv.xml = SSoT\CLIOptions.csv.xml
		SSoT\CommandLineArgs.csv = SSoT\CommandLineArgs.csv
		Postman\CreatePostmanCollection.xslt = Postman\CreatePostmanCollection.xslt
		ODXML\DataSchema.odxml = ODXML\DataSchema.odxml
		package.json = package.json
		publish.ps1 = publish.ps1
		README.md = README.md
		RebuildFromEAPI.ps1 = RebuildFromEAPI.ps1
	EndProjectSection
EndProject
Project("{2150E333-8FDC-42A3-9474-1A3956D46DE8}") = "1st Files to Update", "1st Files to Update", "{673A68ED-F6D9-4308-ABD2-4A09C2112FD6}"
	ProjectSection(SolutionItems) = preProject
		DotNet\CLIClassLibrary\EAPICLIHandler.cs = DotNet\CLIClassLibrary\EAPICLIHandler.cs
		package.json = package.json
		SSoTmeProject.json = SSoTmeProject.json
	EndProjectSection
EndProject
Project("{54435603-DBB4-11D2-8724-00A0C9A8B90C}") = "CLISetup", "CLISetup\CLISetup.vdproj", "{85D06758-B8DE-4178-B0BF-E6AAE4C9CB2C}"
EndProject
Project("{9A19103F-16F7-4668-BE54-9A1E7A4F7556}") = "ASPNet-REST-API", "ASPNet-REST-API\ASPNet-REST-API.csproj", "{ED619FE2-DB55-47EA-AC03-2A47BF4720C5}"
EndProject
Project("{E53339B2-1760-4266-BCC7-CA923CBCF16C}") = "docker-compose", "docker-compose.dcproj", "{A0D6B373-50B8-44F2-BCC5-175F8CD2E41A}"
EndProject
Project("{E24C65DC-7377-472B-9ABA-BC803B73C61A}") = "react-app", "react-app\", "{7E7B67EF-E8A3-45B9-B010-D911D28A539D}"
	ProjectSection(WebsiteProperties) = preProject
		TargetFrameworkMoniker = ".NETFramework,Version%3Dv4.0"
		Debug.AspNetCompiler.VirtualPath = "/localhost_59022"
		Debug.AspNetCompiler.PhysicalPath = "react-app\"
		Debug.AspNetCompiler.TargetPath = "PrecompiledWeb\localhost_59022\"
		Debug.AspNetCompiler.Updateable = "true"
		Debug.AspNetCompiler.ForceOverwrite = "true"
		Debug.AspNetCompiler.FixedNames = "false"
		Debug.AspNetCompiler.Debug = "True"
		Release.AspNetCompiler.VirtualPath = "/localhost_59022"
		Release.AspNetCompiler.PhysicalPath = "react-app\"
		Release.AspNetCompiler.TargetPath = "PrecompiledWeb\localhost_59022\"
		Release.AspNetCompiler.Updateable = "true"
		Release.AspNetCompiler.ForceOverwrite = "true"
		Release.AspNetCompiler.FixedNames = "false"
		Release.AspNetCompiler.Debug = "False"
		VWDPort = "59022"
	EndProjectSection
EndProject
Global
	GlobalSection(SolutionConfigurationPlatforms) = preSolution
		Debug|Any CPU = Debug|Any CPU
		Release|Any CPU = Release|Any CPU
	EndGlobalSection
	GlobalSection(ProjectConfigurationPlatforms) = postSolution
		{565D4F47-437F-4924-A2FE-306E1ED2D43C}.Debug|Any CPU.ActiveCfg = Debug|Any CPU
		{565D4F47-437F-4924-A2FE-306E1ED2D43C}.Debug|Any CPU.Build.0 = Debug|Any CPU
		{565D4F47-437F-4924-A2FE-306E1ED2D43C}.Release|Any CPU.ActiveCfg = Release|Any CPU
		{565D4F47-437F-4924-A2FE-306E1ED2D43C}.Release|Any CPU.Build.0 = Release|Any CPU
		{0D007364-3A66-4DD2-9263-1183843E00B4}.Debug|Any CPU.ActiveCfg = Debug|Any CPU
		{0D007364-3A66-4DD2-9263-1183843E00B4}.Debug|Any CPU.Build.0 = Debug|Any CPU
		{0D007364-3A66-4DD2-9263-1183843E00B4}.Release|Any CPU.ActiveCfg = Release|Any CPU
		{0D007364-3A66-4DD2-9263-1183843E00B4}.Release|Any CPU.Build.0 = Release|Any CPU
		{85D06758-B8DE-4178-B0BF-E6AAE4C9CB2C}.Debug|Any CPU.ActiveCfg = Debug
		{85D06758-B8DE-4178-B0BF-E6AAE4C9CB2C}.Debug|Any CPU.Build.0 = Debug
		{85D06758-B8DE-4178-B0BF-E6AAE4C9CB2C}.Release|Any CPU.ActiveCfg = Release
		{ED619FE2-DB55-47EA-AC03-2A47BF4720C5}.Debug|Any CPU.ActiveCfg = Debug|Any CPU
		{ED619FE2-DB55-47EA-AC03-2A47BF4720C5}.Debug|Any CPU.Build.0 = Debug|Any CPU
		{ED619FE2-DB55-47EA-AC03-2A47BF4720C5}.Release|Any CPU.ActiveCfg = Release|Any CPU
		{ED619FE2-DB55-47EA-AC03-2A47BF4720C5}.Release|Any CPU.Build.0 = Release|Any CPU
		{A0D6B373-50B8-44F2-BCC5-175F8CD2E41A}.Debug|Any CPU.ActiveCfg = Debug|Any CPU
		{A0D6B373-50B8-44F2-BCC5-175F8CD2E41A}.Debug|Any CPU.Build.0 = Debug|Any CPU
		{A0D6B373-50B8-44F2-BCC5-175F8CD2E41A}.Release|Any CPU.ActiveCfg = Release|Any CPU
		{A0D6B373-50B8-44F2-BCC5-175F8CD2E41A}.Release|Any CPU.Build.0 = Release|Any CPU
		{7E7B67EF-E8A3-45B9-B010-D911D28A539D}.Debug|Any CPU.ActiveCfg = Debug|Any CPU
		{7E7B67EF-E8A3-45B9-B010-D911D28A539D}.Debug|Any CPU.Build.0 = Debug|Any CPU
		{7E7B67EF-E8A3-45B9-B010-D911D28A539D}.Release|Any CPU.ActiveCfg = Debug|Any CPU
		{7E7B67EF-E8A3-45B9-B010-D911D28A539D}.Release|Any CPU.Build.0 = Debug|Any CPU
	EndGlobalSection
	GlobalSection(SolutionProperties) = preSolution
		HideSolutionNode = FALSE
	EndGlobalSection
	GlobalSection(ExtensibilityGlobals) = postSolution
		SolutionGuid = {D45C9177-89EB-4A19-BF27-6EF86F584913}
	EndGlobalSection
EndGlobal
